# This file is automatically @generated by Poetry 1.4.2 and should not be changed by hand.

[[package]]
name = "javascript"
version = "1!1.0.2"
description = "Call and interop Node.js APIs with Python"
category = "main"
optional = false
python-versions = ">=3.7, <4"
files = [
    {file = "javascript-1!1.0.2-py3-none-any.whl", hash = "sha256:d7d5108fdbc11760af682efd301fdcefade4a3b1bc7f60b1fa66e1e7642c64e3"},
    {file = "javascript-1!1.0.2.tar.gz", hash = "sha256:87c15977fd793dbcb7db9d04bdc155287f1baa54e1c00c862572a0bc8c613f5f"},
]

[package.extras]
dev = ["check-manifest"]
test = ["coverage"]

[metadata]
lock-version = "2.0"
python-versions = "^3.8"
content-hash = "149c99a8bc5f24218d790f5fcb2fbe7e71f7b9c60c53228773753ff2a201aba6"
